{
  "originHash" : "0ed1a20ef167ff6bbd7e233d8316ce8089f144b9619fb921d55eb1b69ffdfd4c",
  "pins" : [
    {
      "identity" : "rive-ios",
      "kind" : "remoteSourceControl",
      "location" : "https://github.com/rive-app/rive-ios",
      "state" : {
        "revision" : "a7d2fcbb18a732acef7a07c72336cc3d96e9588d",
        "version" : "6.3.3"
      }
    }
  ],
  "version" : 3
}
