// !$*UTF8*$!
{
	archiveVersion = 1;
	classes = {
	};
	objectVersion = 70;
	objects = {

/* Begin PBXBuildFile section */
		1749361C2C3E102B001163B9 /* ContentView.swift in Sources */ = {isa = PBXBuildFile; fileRef = 1749361B2C3E102B001163B9 /* ContentView.swift */; };
		1749361E2C3E1031001163B9 /* Assets.xcassets in Resources */ = {isa = PBXBuildFile; fileRef = 1749361D2C3E1031001163B9 /* Assets.xcassets */; };
		174936222C3E1031001163B9 /* Preview Assets.xcassets in Resources */ = {isa = PBXBuildFile; fileRef = 174936212C3E1031001163B9 /* Preview Assets.xcassets */; };
		1749362C2C3E1032001163B9 /* TekkTests.swift in Sources */ = {isa = PBXBuildFile; fileRef = 1749362B2C3E1032001163B9 /* TekkTests.swift */; };
		174936362C3E1032001163B9 /* TekkUITests.swift in Sources */ = {isa = PBXBuildFile; fileRef = 174936352C3E1032001163B9 /* TekkUITests.swift */; };
		174936382C3E1032001163B9 /* TekkUITestsLaunchTests.swift in Sources */ = {isa = PBXBuildFile; fileRef = 174936372C3E1032001163B9 /* TekkUITestsLaunchTests.swift */; };
		174C676E2D34E9EE003D02EF /* SessionGeneratorView.swift in Sources */ = {isa = PBXBuildFile; fileRef = 174C676D2D34E9EA003D02EF /* SessionGeneratorView.swift */; };
		174C67702D34EB26003D02EF /* DrillDetailView.swift in Sources */ = {isa = PBXBuildFile; fileRef = 174C676F2D34EB11003D02EF /* DrillDetailView.swift */; };
		17595A9F2D3B3B320015F35D /* ProgressionView.swift in Sources */ = {isa = PBXBuildFile; fileRef = 17595A9E2D3B3B2C0015F35D /* ProgressionView.swift */; };
		17595AA12D3B3B520015F35D /* DrillResultsView.swift in Sources */ = {isa = PBXBuildFile; fileRef = 17595AA02D3B3B4E0015F35D /* DrillResultsView.swift */; };
		17595AA32D3B3B610015F35D /* WeekDisplayButton.swift in Sources */ = {isa = PBXBuildFile; fileRef = 17595AA22D3B3B5B0015F35D /* WeekDisplayButton.swift */; };
		17595AAD2D3B44FE0015F35D /* Drill_Card_Complete.riv in Resources */ = {isa = PBXBuildFile; fileRef = 17595AAC2D3B44FE0015F35D /* Drill_Card_Complete.riv */; };
		178208D22D2D14D200246494 /* MainTabView.swift in Sources */ = {isa = PBXBuildFile; fileRef = 178208D12D2D14D200246494 /* MainTabView.swift */; };
		178208E02D2DEB9C00246494 /* OnboardingModel.swift in Sources */ = {isa = PBXBuildFile; fileRef = 178208DF2D2DEB9C00246494 /* OnboardingModel.swift */; };
		178208E22D2DEBB400246494 /* OnboardingView.swift in Sources */ = {isa = PBXBuildFile; fileRef = 178208E12D2DEBB400246494 /* OnboardingView.swift */; };
		178208E42D2DEBC800246494 /* LoginView.swift in Sources */ = {isa = PBXBuildFile; fileRef = 178208E32D2DEBC800246494 /* LoginView.swift */; };
		178208E62D2DEC2900246494 /* CompletionView.swift in Sources */ = {isa = PBXBuildFile; fileRef = 178208E52D2DEC2900246494 /* CompletionView.swift */; };
		178208E92D2DEC6D00246494 /* OnboardingStepView.swift in Sources */ = {isa = PBXBuildFile; fileRef = 178208E82D2DEC6D00246494 /* OnboardingStepView.swift */; };
		178208EB2D2DECE300246494 /* OnboardingMultiSelectView.swift in Sources */ = {isa = PBXBuildFile; fileRef = 178208EA2D2DECE300246494 /* OnboardingMultiSelectView.swift */; };
		178208ED2D2DED0800246494 /* OnboardingBooleanView.swift in Sources */ = {isa = PBXBuildFile; fileRef = 178208EC2D2DED0800246494 /* OnboardingBooleanView.swift */; };
		178208F12D2DFD6500246494 /* OnboardingPreview.swift in Sources */ = {isa = PBXBuildFile; fileRef = 178208F02D2DFD6500246494 /* OnboardingPreview.swift */; };
		1782090C2D2E09EB00246494 /* SavedDrillsView.swift in Sources */ = {isa = PBXBuildFile; fileRef = 1782090B2D2E09EB00246494 /* SavedDrillsView.swift */; };
		1782090E2D2E0A1100246494 /* ProfileView.swift in Sources */ = {isa = PBXBuildFile; fileRef = 1782090D2D2E0A1100246494 /* ProfileView.swift */; };
		17C3B58D2D38E43900D2471F /* DrillFollowAlongView.swift in Sources */ = {isa = PBXBuildFile; fileRef = 17C3B58C2D38E41C00D2471F /* DrillFollowAlongView.swift */; };
		17F5D6542CD3477E008E8C24 /* ColorExtension.swift in Sources */ = {isa = PBXBuildFile; fileRef = 17F5D6532CD3477E008E8C24 /* ColorExtension.swift */; };
		17F5D6562CD347AE008E8C24 /* GlobalSettings.swift in Sources */ = {isa = PBXBuildFile; fileRef = 17F5D6552CD347AD008E8C24 /* GlobalSettings.swift */; };
		430FD6BA2D2E8C9C0016D520 /* OnboardingRegisterForm.swift in Sources */ = {isa = PBXBuildFile; fileRef = 430FD6B92D2E8C860016D520 /* OnboardingRegisterForm.swift */; };
		430FD6CD2D30648A0016D520 /* MainAppModel.swift in Sources */ = {isa = PBXBuildFile; fileRef = 430FD6CC2D3064850016D520 /* MainAppModel.swift */; };
		430FD6D32D307AEC0016D520 /* SwiftKeychainWrapper in Frameworks */ = {isa = PBXBuildFile; productRef = 430FD6D22D307AEC0016D520 /* SwiftKeychainWrapper */; };
		430FD71F2D334CAF0016D520 /* Day_Null.riv in Resources */ = {isa = PBXBuildFile; fileRef = 430FD71E2D334CAF0016D520 /* Day_Null.riv */; };
		43524E772D4D994B00AD897A /* SessionGeneratorModel.swift in Sources */ = {isa = PBXBuildFile; fileRef = 43524E762D4D994400AD897A /* SessionGeneratorModel.swift */; };
		435A70152CA7AB2600BFCC40 /* RiveRuntime in Frameworks */ = {isa = PBXBuildFile; productRef = 435A70142CA7AB2600BFCC40 /* RiveRuntime */; };
		43985E472CB4EFA200BE2AB6 /* BravoBall_Intro.riv in Resources */ = {isa = PBXBuildFile; fileRef = 43985E462CB4EFA200BE2AB6 /* BravoBall_Intro.riv */; };
		43985E522CB51E1100BE2AB6 /* Poppins-Bold.ttf in Resources */ = {isa = PBXBuildFile; fileRef = 43985E512CB51E1100BE2AB6 /* Poppins-Bold.ttf */; };
		43985E542CB5A9A600BE2AB6 /* PottaOne-Regular.ttf in Resources */ = {isa = PBXBuildFile; fileRef = 43985E532CB5A9A600BE2AB6 /* PottaOne-Regular.ttf */; };
		43985E5A2CB5B0BB00BE2AB6 /* Bravo_Panting.riv in Resources */ = {isa = PBXBuildFile; fileRef = 43985E592CB5B0BB00BE2AB6 /* Bravo_Panting.riv */; };
		43BFA9D62D3F38B300B12A6F /* Golden_Button.riv in Resources */ = {isa = PBXBuildFile; fileRef = 43BFA9D52D3F38B300B12A6F /* Golden_Button.riv */; };
		43BFA9E62D40885000B12A6F /* Plus_Button.riv in Resources */ = {isa = PBXBuildFile; fileRef = 43BFA9E52D40885000B12A6F /* Plus_Button.riv */; };
		43BFA9E82D408B8100B12A6F /* Arrow.riv in Resources */ = {isa = PBXBuildFile; fileRef = 43BFA9E72D408B8100B12A6F /* Arrow.riv */; };
		43BFA9EA2D40964700B12A6F /* Drill_Card_Incomplete.riv in Resources */ = {isa = PBXBuildFile; fileRef = 43BFA9E92D40964700B12A6F /* Drill_Card_Incomplete.riv */; };
		43BFA9F42D40AB8A00B12A6F /* Paw_Gray.riv in Resources */ = {isa = PBXBuildFile; fileRef = 43BFA9F32D40AB8A00B12A6F /* Paw_Gray.riv */; };
		43BFA9F62D40ABB600B12A6F /* Paw_Yellow.riv in Resources */ = {isa = PBXBuildFile; fileRef = 43BFA9F52D40ABB600B12A6F /* Paw_Yellow.riv */; };
		43BFA9FE2D41D37100B12A6F /* testSesGenView.swift in Sources */ = {isa = PBXBuildFile; fileRef = 43BFA9FD2D41D36C00B12A6F /* testSesGenView.swift */; };
		43BFAA102D43291E00B12A6F /* Tab_House.riv in Resources */ = {isa = PBXBuildFile; fileRef = 43BFAA0F2D43291E00B12A6F /* Tab_House.riv */; };
		43BFAA202D438C7B00B12A6F /* Tab_Calendar.riv in Resources */ = {isa = PBXBuildFile; fileRef = 43BFAA1F2D438C7B00B12A6F /* Tab_Calendar.riv */; };
		43BFAA222D438D6600B12A6F /* Tab_Saved.riv in Resources */ = {isa = PBXBuildFile; fileRef = 43BFAA212D438D6600B12A6F /* Tab_Saved.riv */; };
		43BFAA262D43946000B12A6F /* Tab_Dude.riv in Resources */ = {isa = PBXBuildFile; fileRef = 43BFAA252D43946000B12A6F /* Tab_Dude.riv */; };
		43BFAA2C2D439D2C00B12A6F /* Prereq_Time.riv in Resources */ = {isa = PBXBuildFile; fileRef = 43BFAA2B2D439D2C00B12A6F /* Prereq_Time.riv */; };
		43BFAA322D44105200B12A6F /* Prereq_Equipment.riv in Resources */ = {isa = PBXBuildFile; fileRef = 43BFAA312D44105200B12A6F /* Prereq_Equipment.riv */; };
		43BFAA342D44164E00B12A6F /* Prereq_Training_Style.riv in Resources */ = {isa = PBXBuildFile; fileRef = 43BFAA332D44164E00B12A6F /* Prereq_Training_Style.riv */; };
		43BFAA362D44182400B12A6F /* Prereq_Location.riv in Resources */ = {isa = PBXBuildFile; fileRef = 43BFAA352D44182400B12A6F /* Prereq_Location.riv */; };
		43BFAA3C2D442BEB00B12A6F /* Prereq_Difficulty.riv in Resources */ = {isa = PBXBuildFile; fileRef = 43BFAA3B2D442BEB00B12A6F /* Prereq_Difficulty.riv */; };
		43BFAA422D444A2C00B12A6F /* Message_Bubble.riv in Resources */ = {isa = PBXBuildFile; fileRef = 43BFAA412D444A2C00B12A6F /* Message_Bubble.riv */; };
		43F69CEB2D456291002143FD /* testNewElement.swift in Sources */ = {isa = PBXBuildFile; fileRef = 43F69CEA2D456286002143FD /* testNewElement.swift */; };
		43F69CFD2D46287D002143FD /* Grass_Field.riv in Resources */ = {isa = PBXBuildFile; fileRef = 43F69CFC2D46287D002143FD /* Grass_Field.riv */; };
/* End PBXBuildFile section */

/* Begin PBXContainerItemProxy section */
		174936282C3E1032001163B9 /* PBXContainerItemProxy */ = {
			isa = PBXContainerItemProxy;
			containerPortal = 1749360E2C3E102B001163B9 /* Project object */;
			proxyType = 1;
			remoteGlobalIDString = 174936152C3E102B001163B9;
			remoteInfo = Tekk;
		};
		174936322C3E1032001163B9 /* PBXContainerItemProxy */ = {
			isa = PBXContainerItemProxy;
			containerPortal = 1749360E2C3E102B001163B9 /* Project object */;
			proxyType = 1;
			remoteGlobalIDString = 174936152C3E102B001163B9;
			remoteInfo = Tekk;
		};
/* End PBXContainerItemProxy section */

/* Begin PBXFileReference section */
		174936162C3E102B001163B9 /* BravoBall.app */ = {isa = PBXFileReference; explicitFileType = wrapper.application; includeInIndex = 0; path = BravoBall.app; sourceTree = BUILT_PRODUCTS_DIR; };
		1749361B2C3E102B001163B9 /* ContentView.swift */ = {isa = PBXFileReference; lastKnownFileType = sourcecode.swift; path = ContentView.swift; sourceTree = "<group>"; };
		1749361D2C3E1031001163B9 /* Assets.xcassets */ = {isa = PBXFileReference; lastKnownFileType = folder.assetcatalog; path = Assets.xcassets; sourceTree = "<group>"; };
		1749361F2C3E1031001163B9 /* Tekk.entitlements */ = {isa = PBXFileReference; lastKnownFileType = text.plist.entitlements; path = Tekk.entitlements; sourceTree = "<group>"; };
		174936212C3E1031001163B9 /* Preview Assets.xcassets */ = {isa = PBXFileReference; lastKnownFileType = folder.assetcatalog; path = "Preview Assets.xcassets"; sourceTree = "<group>"; };
		174936272C3E1032001163B9 /* BravoBallTests.xctest */ = {isa = PBXFileReference; explicitFileType = wrapper.cfbundle; includeInIndex = 0; path = BravoBallTests.xctest; sourceTree = BUILT_PRODUCTS_DIR; };
		1749362B2C3E1032001163B9 /* TekkTests.swift */ = {isa = PBXFileReference; lastKnownFileType = sourcecode.swift; path = TekkTests.swift; sourceTree = "<group>"; };
		174936312C3E1032001163B9 /* BravoBallUITests.xctest */ = {isa = PBXFileReference; explicitFileType = wrapper.cfbundle; includeInIndex = 0; path = BravoBallUITests.xctest; sourceTree = BUILT_PRODUCTS_DIR; };
		174936352C3E1032001163B9 /* TekkUITests.swift */ = {isa = PBXFileReference; lastKnownFileType = sourcecode.swift; path = TekkUITests.swift; sourceTree = "<group>"; };
		174936372C3E1032001163B9 /* TekkUITestsLaunchTests.swift */ = {isa = PBXFileReference; lastKnownFileType = sourcecode.swift; path = TekkUITestsLaunchTests.swift; sourceTree = "<group>"; };
		174C676D2D34E9EA003D02EF /* SessionGeneratorView.swift */ = {isa = PBXFileReference; lastKnownFileType = sourcecode.swift; path = SessionGeneratorView.swift; sourceTree = "<group>"; };
		174C676F2D34EB11003D02EF /* DrillDetailView.swift */ = {isa = PBXFileReference; lastKnownFileType = sourcecode.swift; path = DrillDetailView.swift; sourceTree = "<group>"; };
		17595A9E2D3B3B2C0015F35D /* ProgressionView.swift */ = {isa = PBXFileReference; lastKnownFileType = sourcecode.swift; path = ProgressionView.swift; sourceTree = "<group>"; };
		17595AA02D3B3B4E0015F35D /* DrillResultsView.swift */ = {isa = PBXFileReference; lastKnownFileType = sourcecode.swift; path = DrillResultsView.swift; sourceTree = "<group>"; };
		17595AA22D3B3B5B0015F35D /* WeekDisplayButton.swift */ = {isa = PBXFileReference; lastKnownFileType = sourcecode.swift; path = WeekDisplayButton.swift; sourceTree = "<group>"; };
		17595AAC2D3B44FE0015F35D /* Drill_Card_Complete.riv */ = {isa = PBXFileReference; lastKnownFileType = file; path = Drill_Card_Complete.riv; sourceTree = "<group>"; };
		178208D12D2D14D200246494 /* MainTabView.swift */ = {isa = PBXFileReference; lastKnownFileType = sourcecode.swift; path = MainTabView.swift; sourceTree = "<group>"; };
		178208DF2D2DEB9C00246494 /* OnboardingModel.swift */ = {isa = PBXFileReference; lastKnownFileType = sourcecode.swift; path = OnboardingModel.swift; sourceTree = "<group>"; };
		178208E12D2DEBB400246494 /* OnboardingView.swift */ = {isa = PBXFileReference; lastKnownFileType = sourcecode.swift; path = OnboardingView.swift; sourceTree = "<group>"; };
		178208E32D2DEBC800246494 /* LoginView.swift */ = {isa = PBXFileReference; lastKnownFileType = sourcecode.swift; path = LoginView.swift; sourceTree = "<group>"; };
		178208E52D2DEC2900246494 /* CompletionView.swift */ = {isa = PBXFileReference; lastKnownFileType = sourcecode.swift; path = CompletionView.swift; sourceTree = "<group>"; };
		178208E82D2DEC6D00246494 /* OnboardingStepView.swift */ = {isa = PBXFileReference; lastKnownFileType = sourcecode.swift; path = OnboardingStepView.swift; sourceTree = "<group>"; };
		178208EA2D2DECE300246494 /* OnboardingMultiSelectView.swift */ = {isa = PBXFileReference; lastKnownFileType = sourcecode.swift; path = OnboardingMultiSelectView.swift; sourceTree = "<group>"; };
		178208EC2D2DED0800246494 /* OnboardingBooleanView.swift */ = {isa = PBXFileReference; lastKnownFileType = sourcecode.swift; path = OnboardingBooleanView.swift; sourceTree = "<group>"; };
		178208F02D2DFD6500246494 /* OnboardingPreview.swift */ = {isa = PBXFileReference; lastKnownFileType = sourcecode.swift; path = OnboardingPreview.swift; sourceTree = "<group>"; };
		1782090B2D2E09EB00246494 /* SavedDrillsView.swift */ = {isa = PBXFileReference; lastKnownFileType = sourcecode.swift; path = SavedDrillsView.swift; sourceTree = "<group>"; };
		1782090D2D2E0A1100246494 /* ProfileView.swift */ = {isa = PBXFileReference; lastKnownFileType = sourcecode.swift; path = ProfileView.swift; sourceTree = "<group>"; };
		17C3B58C2D38E41C00D2471F /* DrillFollowAlongView.swift */ = {isa = PBXFileReference; lastKnownFileType = sourcecode.swift; path = DrillFollowAlongView.swift; sourceTree = "<group>"; };
		17E693182C7435B3006B58A3 /* Info.plist */ = {isa = PBXFileReference; lastKnownFileType = text.plist.xml; path = Info.plist; sourceTree = "<group>"; };
		17F5D6532CD3477E008E8C24 /* ColorExtension.swift */ = {isa = PBXFileReference; lastKnownFileType = sourcecode.swift; path = ColorExtension.swift; sourceTree = "<group>"; };
		17F5D6552CD347AD008E8C24 /* GlobalSettings.swift */ = {isa = PBXFileReference; lastKnownFileType = sourcecode.swift; path = GlobalSettings.swift; sourceTree = "<group>"; };
		430FD6B92D2E8C860016D520 /* OnboardingRegisterForm.swift */ = {isa = PBXFileReference; lastKnownFileType = sourcecode.swift; path = OnboardingRegisterForm.swift; sourceTree = "<group>"; };
		430FD6CC2D3064850016D520 /* MainAppModel.swift */ = {isa = PBXFileReference; lastKnownFileType = sourcecode.swift; path = MainAppModel.swift; sourceTree = "<group>"; };
		430FD71E2D334CAF0016D520 /* Day_Null.riv */ = {isa = PBXFileReference; lastKnownFileType = file; path = Day_Null.riv; sourceTree = "<group>"; };
		43524E762D4D994400AD897A /* SessionGeneratorModel.swift */ = {isa = PBXFileReference; lastKnownFileType = sourcecode.swift; path = SessionGeneratorModel.swift; sourceTree = "<group>"; };
		43985E462CB4EFA200BE2AB6 /* BravoBall_Intro.riv */ = {isa = PBXFileReference; lastKnownFileType = file; path = BravoBall_Intro.riv; sourceTree = "<group>"; };
		43985E512CB51E1100BE2AB6 /* Poppins-Bold.ttf */ = {isa = PBXFileReference; lastKnownFileType = file; path = "Poppins-Bold.ttf"; sourceTree = "<group>"; };
		43985E532CB5A9A600BE2AB6 /* PottaOne-Regular.ttf */ = {isa = PBXFileReference; lastKnownFileType = file; path = "PottaOne-Regular.ttf"; sourceTree = "<group>"; };
		43985E592CB5B0BB00BE2AB6 /* Bravo_Panting.riv */ = {isa = PBXFileReference; lastKnownFileType = file; path = Bravo_Panting.riv; sourceTree = "<group>"; };
		43BFA9D52D3F38B300B12A6F /* Golden_Button.riv */ = {isa = PBXFileReference; lastKnownFileType = file; path = Golden_Button.riv; sourceTree = "<group>"; };
		43BFA9E52D40885000B12A6F /* Plus_Button.riv */ = {isa = PBXFileReference; lastKnownFileType = file; path = Plus_Button.riv; sourceTree = "<group>"; };
		43BFA9E72D408B8100B12A6F /* Arrow.riv */ = {isa = PBXFileReference; lastKnownFileType = file; path = Arrow.riv; sourceTree = "<group>"; };
		43BFA9E92D40964700B12A6F /* Drill_Card_Incomplete.riv */ = {isa = PBXFileReference; lastKnownFileType = file; path = Drill_Card_Incomplete.riv; sourceTree = "<group>"; };
		43BFA9F32D40AB8A00B12A6F /* Paw_Gray.riv */ = {isa = PBXFileReference; lastKnownFileType = file; path = Paw_Gray.riv; sourceTree = "<group>"; };
		43BFA9F52D40ABB600B12A6F /* Paw_Yellow.riv */ = {isa = PBXFileReference; lastKnownFileType = file; path = Paw_Yellow.riv; sourceTree = "<group>"; };
		43BFA9FD2D41D36C00B12A6F /* testSesGenView.swift */ = {isa = PBXFileReference; lastKnownFileType = sourcecode.swift; path = testSesGenView.swift; sourceTree = "<group>"; };
		43BFAA0F2D43291E00B12A6F /* Tab_House.riv */ = {isa = PBXFileReference; lastKnownFileType = file; path = Tab_House.riv; sourceTree = "<group>"; };
		43BFAA1F2D438C7B00B12A6F /* Tab_Calendar.riv */ = {isa = PBXFileReference; lastKnownFileType = file; path = Tab_Calendar.riv; sourceTree = "<group>"; };
		43BFAA212D438D6600B12A6F /* Tab_Saved.riv */ = {isa = PBXFileReference; lastKnownFileType = file; path = Tab_Saved.riv; sourceTree = "<group>"; };
		43BFAA252D43946000B12A6F /* Tab_Dude.riv */ = {isa = PBXFileReference; lastKnownFileType = file; path = Tab_Dude.riv; sourceTree = "<group>"; };
		43BFAA2B2D439D2C00B12A6F /* Prereq_Time.riv */ = {isa = PBXFileReference; lastKnownFileType = file; path = Prereq_Time.riv; sourceTree = "<group>"; };
		43BFAA312D44105200B12A6F /* Prereq_Equipment.riv */ = {isa = PBXFileReference; lastKnownFileType = file; path = Prereq_Equipment.riv; sourceTree = "<group>"; };
		43BFAA332D44164E00B12A6F /* Prereq_Training_Style.riv */ = {isa = PBXFileReference; lastKnownFileType = file; path = Prereq_Training_Style.riv; sourceTree = "<group>"; };
		43BFAA352D44182400B12A6F /* Prereq_Location.riv */ = {isa = PBXFileReference; lastKnownFileType = file; path = Prereq_Location.riv; sourceTree = "<group>"; };
		43BFAA3B2D442BEB00B12A6F /* Prereq_Difficulty.riv */ = {isa = PBXFileReference; lastKnownFileType = file; path = Prereq_Difficulty.riv; sourceTree = "<group>"; };
		43BFAA412D444A2C00B12A6F /* Message_Bubble.riv */ = {isa = PBXFileReference; lastKnownFileType = file; path = Message_Bubble.riv; sourceTree = "<group>"; };
		43F69CEA2D456286002143FD /* testNewElement.swift */ = {isa = PBXFileReference; lastKnownFileType = sourcecode.swift; path = testNewElement.swift; sourceTree = "<group>"; };
		43F69CFC2D46287D002143FD /* Grass_Field.riv */ = {isa = PBXFileReference; lastKnownFileType = file; path = Grass_Field.riv; sourceTree = "<group>"; };
/* End PBXFileReference section */

/* Begin PBXFileSystemSynchronizedRootGroup section */
		430FD6BD2D2F0DE50016D520 /* Services */ = {isa = PBXFileSystemSynchronizedRootGroup; explicitFileTypes = {}; explicitFolders = (); path = Services; sourceTree = "<group>"; };
/* End PBXFileSystemSynchronizedRootGroup section */

/* Begin PBXFrameworksBuildPhase section */
		174936132C3E102B001163B9 /* Frameworks */ = {
			isa = PBXFrameworksBuildPhase;
			buildActionMask = 2147483647;
			files = (
				430FD6D32D307AEC0016D520 /* SwiftKeychainWrapper in Frameworks */,
				435A70152CA7AB2600BFCC40 /* RiveRuntime in Frameworks */,
			);
			runOnlyForDeploymentPostprocessing = 0;
		};
		174936242C3E1032001163B9 /* Frameworks */ = {
			isa = PBXFrameworksBuildPhase;
			buildActionMask = 2147483647;
			files = (
			);
			runOnlyForDeploymentPostprocessing = 0;
		};
		1749362E2C3E1032001163B9 /* Frameworks */ = {
			isa = PBXFrameworksBuildPhase;
			buildActionMask = 2147483647;
			files = (
			);
			runOnlyForDeploymentPostprocessing = 0;
		};
/* End PBXFrameworksBuildPhase section */

/* Begin PBXGroup section */
		1749360D2C3E102B001163B9 = {
			isa = PBXGroup;
			children = (
				174936182C3E102B001163B9 /* Tekk */,
				1749362A2C3E1032001163B9 /* TekkTests */,
				174936342C3E1032001163B9 /* TekkUITests */,
				174936172C3E102B001163B9 /* Products */,
			);
			sourceTree = "<group>";
		};
		174936172C3E102B001163B9 /* Products */ = {
			isa = PBXGroup;
			children = (
				174936162C3E102B001163B9 /* BravoBall.app */,
				174936272C3E1032001163B9 /* BravoBallTests.xctest */,
				174936312C3E1032001163B9 /* BravoBallUITests.xctest */,
			);
			name = Products;
			sourceTree = "<group>";
		};
		174936182C3E102B001163B9 /* Tekk */ = {
			isa = PBXGroup;
			children = (
				17E693182C7435B3006B58A3 /* Info.plist */,
				17F5D6552CD347AD008E8C24 /* GlobalSettings.swift */,
				17F5D6532CD3477E008E8C24 /* ColorExtension.swift */,
				178208F52D2E05FE00246494 /* AppFeatures */,
				178208D12D2D14D200246494 /* MainTabView.swift */,
				178208DC2D2DEB7200246494 /* Onboarding */,
				1749361B2C3E102B001163B9 /* ContentView.swift */,
				1749361D2C3E1031001163B9 /* Assets.xcassets */,
				43985E502CB51DEC00BE2AB6 /* Font */,
				439A72632C9FA55700B4C5AD /* RiveAssets */,
				1749361F2C3E1031001163B9 /* Tekk.entitlements */,
				174936202C3E1031001163B9 /* Preview Content */,
			);
			path = Tekk;
			sourceTree = "<group>";
		};
		174936202C3E1031001163B9 /* Preview Content */ = {
			isa = PBXGroup;
			children = (
				174936212C3E1031001163B9 /* Preview Assets.xcassets */,
			);
			path = "Preview Content";
			sourceTree = "<group>";
		};
		1749362A2C3E1032001163B9 /* TekkTests */ = {
			isa = PBXGroup;
			children = (
				1749362B2C3E1032001163B9 /* TekkTests.swift */,
			);
			path = TekkTests;
			sourceTree = "<group>";
		};
		174936342C3E1032001163B9 /* TekkUITests */ = {
			isa = PBXGroup;
			children = (
				174936352C3E1032001163B9 /* TekkUITests.swift */,
				174936372C3E1032001163B9 /* TekkUITestsLaunchTests.swift */,
			);
			path = TekkUITests;
			sourceTree = "<group>";
		};
		17595A9D2D3B3B1B0015F35D /* Progression */ = {
			isa = PBXGroup;
			children = (
				17595A9E2D3B3B2C0015F35D /* ProgressionView.swift */,
				17595AA02D3B3B4E0015F35D /* DrillResultsView.swift */,
				17595AA22D3B3B5B0015F35D /* WeekDisplayButton.swift */,
			);
			path = Progression;
			sourceTree = "<group>";
		};
		178208DC2D2DEB7200246494 /* Onboarding */ = {
			isa = PBXGroup;
			children = (
				430FD6BD2D2F0DE50016D520 /* Services */,
				178208DE2D2DEB8400246494 /* Views */,
				178208DD2D2DEB7C00246494 /* Models */,
			);
			path = Onboarding;
			sourceTree = "<group>";
		};
		178208DD2D2DEB7C00246494 /* Models */ = {
			isa = PBXGroup;
			children = (
				43524E762D4D994400AD897A /* SessionGeneratorModel.swift */,
				430FD6CC2D3064850016D520 /* MainAppModel.swift */,
				178208DF2D2DEB9C00246494 /* OnboardingModel.swift */,
			);
			path = Models;
			sourceTree = "<group>";
		};
		178208DE2D2DEB8400246494 /* Views */ = {
			isa = PBXGroup;
			children = (
				178208E12D2DEBB400246494 /* OnboardingView.swift */,
				178208F02D2DFD6500246494 /* OnboardingPreview.swift */,
				178208E52D2DEC2900246494 /* CompletionView.swift */,
				178208E72D2DEC5400246494 /* HelperViews */,
				178208E32D2DEBC800246494 /* LoginView.swift */,
			);
			path = Views;
			sourceTree = "<group>";
		};
		178208E72D2DEC5400246494 /* HelperViews */ = {
			isa = PBXGroup;
			children = (
				430FD6B92D2E8C860016D520 /* OnboardingRegisterForm.swift */,
				178208E82D2DEC6D00246494 /* OnboardingStepView.swift */,
				178208EA2D2DECE300246494 /* OnboardingMultiSelectView.swift */,
				178208EC2D2DED0800246494 /* OnboardingBooleanView.swift */,
			);
			path = HelperViews;
			sourceTree = "<group>";
		};
		178208F52D2E05FE00246494 /* AppFeatures */ = {
			isa = PBXGroup;
			children = (
				43BFAA042D4200A500B12A6F /* tests */,
				1782090B2D2E09EB00246494 /* SavedDrillsView.swift */,
				174C676F2D34EB11003D02EF /* DrillDetailView.swift */,
				174C676D2D34E9EA003D02EF /* SessionGeneratorView.swift */,
				1782090D2D2E0A1100246494 /* ProfileView.swift */,
				17595A9D2D3B3B1B0015F35D /* Progression */,
				17C3B58C2D38E41C00D2471F /* DrillFollowAlongView.swift */,
			);
			path = AppFeatures;
			sourceTree = "<group>";
		};
		43985E502CB51DEC00BE2AB6 /* Font */ = {
			isa = PBXGroup;
			children = (
				43985E512CB51E1100BE2AB6 /* Poppins-Bold.ttf */,
				43985E532CB5A9A600BE2AB6 /* PottaOne-Regular.ttf */,
			);
			path = Font;
			sourceTree = "<group>";
		};
		439A72632C9FA55700B4C5AD /* RiveAssets */ = {
			isa = PBXGroup;
			children = (
				43BFA9F32D40AB8A00B12A6F /* Paw_Gray.riv */,
				43BFA9E72D408B8100B12A6F /* Arrow.riv */,
				43985E462CB4EFA200BE2AB6 /* BravoBall_Intro.riv */,
				43985E592CB5B0BB00BE2AB6 /* Bravo_Panting.riv */,
				17595AAC2D3B44FE0015F35D /* Drill_Card_Complete.riv */,
				430FD71E2D334CAF0016D520 /* Day_Null.riv */,
				43BFA9D52D3F38B300B12A6F /* Golden_Button.riv */,
				43BFA9E52D40885000B12A6F /* Plus_Button.riv */,
				43BFA9E92D40964700B12A6F /* Drill_Card_Incomplete.riv */,
				43BFAA412D444A2C00B12A6F /* Message_Bubble.riv */,
				43BFA9F52D40ABB600B12A6F /* Paw_Yellow.riv */,
				43BFAA0F2D43291E00B12A6F /* Tab_House.riv */,
				43BFAA1F2D438C7B00B12A6F /* Tab_Calendar.riv */,
				43BFAA212D438D6600B12A6F /* Tab_Saved.riv */,
				43BFAA252D43946000B12A6F /* Tab_Dude.riv */,
				43F69CFC2D46287D002143FD /* Grass_Field.riv */,
				43BFAA2B2D439D2C00B12A6F /* Prereq_Time.riv */,
				43BFAA312D44105200B12A6F /* Prereq_Equipment.riv */,
				43BFAA332D44164E00B12A6F /* Prereq_Training_Style.riv */,
				43BFAA352D44182400B12A6F /* Prereq_Location.riv */,
				43BFAA3B2D442BEB00B12A6F /* Prereq_Difficulty.riv */,
			);
			path = RiveAssets;
			sourceTree = "<group>";
		};
		43BFAA042D4200A500B12A6F /* tests */ = {
			isa = PBXGroup;
			children = (
				43F69CEA2D456286002143FD /* testNewElement.swift */,
				43BFA9FD2D41D36C00B12A6F /* testSesGenView.swift */,
			);
			path = tests;
			sourceTree = "<group>";
		};
/* End PBXGroup section */

/* Begin PBXNativeTarget section */
		174936152C3E102B001163B9 /* BravoBall */ = {
			isa = PBXNativeTarget;
			buildConfigurationList = 1749363B2C3E1032001163B9 /* Build configuration list for PBXNativeTarget "BravoBall" */;
			buildPhases = (
				174936122C3E102B001163B9 /* Sources */,
				174936132C3E102B001163B9 /* Frameworks */,
				174936142C3E102B001163B9 /* Resources */,
			);
			buildRules = (
			);
			dependencies = (
			);
			fileSystemSynchronizedGroups = (
				430FD6BD2D2F0DE50016D520 /* Services */,
			);
			name = BravoBall;
			productName = Tekk;
			productReference = 174936162C3E102B001163B9 /* BravoBall.app */;
			productType = "com.apple.product-type.application";
		};
		174936262C3E1032001163B9 /* BravoBallTests */ = {
			isa = PBXNativeTarget;
			buildConfigurationList = 1749363E2C3E1032001163B9 /* Build configuration list for PBXNativeTarget "BravoBallTests" */;
			buildPhases = (
				174936232C3E1032001163B9 /* Sources */,
				174936242C3E1032001163B9 /* Frameworks */,
				174936252C3E1032001163B9 /* Resources */,
			);
			buildRules = (
			);
			dependencies = (
				174936292C3E1032001163B9 /* PBXTargetDependency */,
			);
			name = BravoBallTests;
			productName = TekkTests;
			productReference = 174936272C3E1032001163B9 /* BravoBallTests.xctest */;
			productType = "com.apple.product-type.bundle.unit-test";
		};
		174936302C3E1032001163B9 /* BravoBallUITests */ = {
			isa = PBXNativeTarget;
			buildConfigurationList = 174936412C3E1032001163B9 /* Build configuration list for PBXNativeTarget "BravoBallUITests" */;
			buildPhases = (
				1749362D2C3E1032001163B9 /* Sources */,
				1749362E2C3E1032001163B9 /* Frameworks */,
				1749362F2C3E1032001163B9 /* Resources */,
			);
			buildRules = (
			);
			dependencies = (
				174936332C3E1032001163B9 /* PBXTargetDependency */,
			);
			name = BravoBallUITests;
			productName = TekkUITests;
			productReference = 174936312C3E1032001163B9 /* BravoBallUITests.xctest */;
			productType = "com.apple.product-type.bundle.ui-testing";
		};
/* End PBXNativeTarget section */

/* Begin PBXProject section */
		1749360E2C3E102B001163B9 /* Project object */ = {
			isa = PBXProject;
			attributes = {
				BuildIndependentTargetsInParallel = 1;
				LastSwiftUpdateCheck = 1540;
				LastUpgradeCheck = 1620;
				TargetAttributes = {
					174936152C3E102B001163B9 = {
						CreatedOnToolsVersion = 15.4;
					};
					174936262C3E1032001163B9 = {
						CreatedOnToolsVersion = 15.4;
						TestTargetID = 174936152C3E102B001163B9;
					};
					174936302C3E1032001163B9 = {
						CreatedOnToolsVersion = 15.4;
						TestTargetID = 174936152C3E102B001163B9;
					};
				};
			};
			buildConfigurationList = 174936112C3E102B001163B9 /* Build configuration list for PBXProject "BravoBall" */;
			compatibilityVersion = "Xcode 14.0";
			developmentRegion = en;
			hasScannedForEncodings = 0;
			knownRegions = (
				en,
				Base,
			);
			mainGroup = 1749360D2C3E102B001163B9;
			packageReferences = (
				430FD6B82D2E12640016D520 /* XCRemoteSwiftPackageReference "rive-ios" */,
				430FD6D12D307AEC0016D520 /* XCRemoteSwiftPackageReference "SwiftKeychainWrapper" */,
			);
			productRefGroup = 174936172C3E102B001163B9 /* Products */;
			projectDirPath = "";
			projectRoot = "";
			targets = (
				174936152C3E102B001163B9 /* BravoBall */,
				174936262C3E1032001163B9 /* BravoBallTests */,
				174936302C3E1032001163B9 /* BravoBallUITests */,
			);
		};
/* End PBXProject section */

/* Begin PBXResourcesBuildPhase section */
		174936142C3E102B001163B9 /* Resources */ = {
			isa = PBXResourcesBuildPhase;
			buildActionMask = 2147483647;
			files = (
				43BFA9F42D40AB8A00B12A6F /* Paw_Gray.riv in Resources */,
				43BFAA422D444A2C00B12A6F /* Message_Bubble.riv in Resources */,
				17595AAD2D3B44FE0015F35D /* Drill_Card_Complete.riv in Resources */,
				43BFAA2C2D439D2C00B12A6F /* Prereq_Time.riv in Resources */,
				43BFA9E82D408B8100B12A6F /* Arrow.riv in Resources */,
				43BFAA3C2D442BEB00B12A6F /* Prereq_Difficulty.riv in Resources */,
				43BFA9F62D40ABB600B12A6F /* Paw_Yellow.riv in Resources */,
				174936222C3E1031001163B9 /* Preview Assets.xcassets in Resources */,
				43F69CFD2D46287D002143FD /* Grass_Field.riv in Resources */,
				1749361E2C3E1031001163B9 /* Assets.xcassets in Resources */,
				43BFAA342D44164E00B12A6F /* Prereq_Training_Style.riv in Resources */,
				43BFAA102D43291E00B12A6F /* Tab_House.riv in Resources */,
				43BFA9EA2D40964700B12A6F /* Drill_Card_Incomplete.riv in Resources */,
				43BFA9D62D3F38B300B12A6F /* Golden_Button.riv in Resources */,
				43BFAA222D438D6600B12A6F /* Tab_Saved.riv in Resources */,
				43BFA9E62D40885000B12A6F /* Plus_Button.riv in Resources */,
				43985E522CB51E1100BE2AB6 /* Poppins-Bold.ttf in Resources */,
				43BFAA362D44182400B12A6F /* Prereq_Location.riv in Resources */,
				43985E5A2CB5B0BB00BE2AB6 /* Bravo_Panting.riv in Resources */,
				43985E542CB5A9A600BE2AB6 /* PottaOne-Regular.ttf in Resources */,
				43985E472CB4EFA200BE2AB6 /* BravoBall_Intro.riv in Resources */,
				43BFAA262D43946000B12A6F /* Tab_Dude.riv in Resources */,
				43BFAA202D438C7B00B12A6F /* Tab_Calendar.riv in Resources */,
				430FD71F2D334CAF0016D520 /* Day_Null.riv in Resources */,
				43BFAA322D44105200B12A6F /* Prereq_Equipment.riv in Resources */,
			);
			runOnlyForDeploymentPostprocessing = 0;
		};
		174936252C3E1032001163B9 /* Resources */ = {
			isa = PBXResourcesBuildPhase;
			buildActionMask = 2147483647;
			files = (
			);
			runOnlyForDeploymentPostprocessing = 0;
		};
		1749362F2C3E1032001163B9 /* Resources */ = {
			isa = PBXResourcesBuildPhase;
			buildActionMask = 2147483647;
			files = (
			);
			runOnlyForDeploymentPostprocessing = 0;
		};
/* End PBXResourcesBuildPhase section */

/* Begin PBXSourcesBuildPhase section */
		174936122C3E102B001163B9 /* Sources */ = {
			isa = PBXSourcesBuildPhase;
			buildActionMask = 2147483647;
			files = (
				430FD6CD2D30648A0016D520 /* MainAppModel.swift in Sources */,
				174C67702D34EB26003D02EF /* DrillDetailView.swift in Sources */,
				17C3B58D2D38E43900D2471F /* DrillFollowAlongView.swift in Sources */,
				17595AA32D3B3B610015F35D /* WeekDisplayButton.swift in Sources */,
				17595AA12D3B3B520015F35D /* DrillResultsView.swift in Sources */,
				178208F12D2DFD6500246494 /* OnboardingPreview.swift in Sources */,
				178208E62D2DEC2900246494 /* CompletionView.swift in Sources */,
				178208EB2D2DECE300246494 /* OnboardingMultiSelectView.swift in Sources */,
				430FD6BA2D2E8C9C0016D520 /* OnboardingRegisterForm.swift in Sources */,
				1749361C2C3E102B001163B9 /* ContentView.swift in Sources */,
				178208E02D2DEB9C00246494 /* OnboardingModel.swift in Sources */,
				43BFA9FE2D41D37100B12A6F /* testSesGenView.swift in Sources */,
				17F5D6562CD347AE008E8C24 /* GlobalSettings.swift in Sources */,
				43F69CEB2D456291002143FD /* testNewElement.swift in Sources */,
				17F5D6542CD3477E008E8C24 /* ColorExtension.swift in Sources */,
				1782090E2D2E0A1100246494 /* ProfileView.swift in Sources */,
				1782090C2D2E09EB00246494 /* SavedDrillsView.swift in Sources */,
				178208E22D2DEBB400246494 /* OnboardingView.swift in Sources */,
				178208E42D2DEBC800246494 /* LoginView.swift in Sources */,
				178208E92D2DEC6D00246494 /* OnboardingStepView.swift in Sources */,
				17595A9F2D3B3B320015F35D /* ProgressionView.swift in Sources */,
				174C676E2D34E9EE003D02EF /* SessionGeneratorView.swift in Sources */,
				178208D22D2D14D200246494 /* MainTabView.swift in Sources */,
				178208ED2D2DED0800246494 /* OnboardingBooleanView.swift in Sources */,
				43524E772D4D994B00AD897A /* SessionGeneratorModel.swift in Sources */,
			);
			runOnlyForDeploymentPostprocessing = 0;
		};
		174936232C3E1032001163B9 /* Sources */ = {
			isa = PBXSourcesBuildPhase;
			buildActionMask = 2147483647;
			files = (
				1749362C2C3E1032001163B9 /* TekkTests.swift in Sources */,
			);
			runOnlyForDeploymentPostprocessing = 0;
		};
		1749362D2C3E1032001163B9 /* Sources */ = {
			isa = PBXSourcesBuildPhase;
			buildActionMask = 2147483647;
			files = (
				174936362C3E1032001163B9 /* TekkUITests.swift in Sources */,
				174936382C3E1032001163B9 /* TekkUITestsLaunchTests.swift in Sources */,
			);
			runOnlyForDeploymentPostprocessing = 0;
		};
/* End PBXSourcesBuildPhase section */

/* Begin PBXTargetDependency section */
		174936292C3E1032001163B9 /* PBXTargetDependency */ = {
			isa = PBXTargetDependency;
			target = 174936152C3E102B001163B9 /* BravoBall */;
			targetProxy = 174936282C3E1032001163B9 /* PBXContainerItemProxy */;
		};
		174936332C3E1032001163B9 /* PBXTargetDependency */ = {
			isa = PBXTargetDependency;
			target = 174936152C3E102B001163B9 /* BravoBall */;
			targetProxy = 174936322C3E1032001163B9 /* PBXContainerItemProxy */;
		};
/* End PBXTargetDependency section */

/* Begin XCBuildConfiguration section */
		174936392C3E1032001163B9 /* Debug */ = {
			isa = XCBuildConfiguration;
			buildSettings = {
				ALWAYS_SEARCH_USER_PATHS = NO;
				ASSETCATALOG_COMPILER_GENERATE_SWIFT_ASSET_SYMBOL_EXTENSIONS = YES;
				CLANG_ANALYZER_NONNULL = YES;
				CLANG_ANALYZER_NUMBER_OBJECT_CONVERSION = YES_AGGRESSIVE;
				CLANG_CXX_LANGUAGE_STANDARD = "gnu++20";
				CLANG_ENABLE_MODULES = YES;
				CLANG_ENABLE_OBJC_ARC = YES;
				CLANG_ENABLE_OBJC_WEAK = YES;
				CLANG_WARN_BLOCK_CAPTURE_AUTORELEASING = YES;
				CLANG_WARN_BOOL_CONVERSION = YES;
				CLANG_WARN_COMMA = YES;
				CLANG_WARN_CONSTANT_CONVERSION = YES;
				CLANG_WARN_DEPRECATED_OBJC_IMPLEMENTATIONS = YES;
				CLANG_WARN_DIRECT_OBJC_ISA_USAGE = YES_ERROR;
				CLANG_WARN_DOCUMENTATION_COMMENTS = YES;
				CLANG_WARN_EMPTY_BODY = YES;
				CLANG_WARN_ENUM_CONVERSION = YES;
				CLANG_WARN_INFINITE_RECURSION = YES;
				CLANG_WARN_INT_CONVERSION = YES;
				CLANG_WARN_NON_LITERAL_NULL_CONVERSION = YES;
				CLANG_WARN_OBJC_IMPLICIT_RETAIN_SELF = YES;
				CLANG_WARN_OBJC_LITERAL_CONVERSION = YES;
				CLANG_WARN_OBJC_ROOT_CLASS = YES_ERROR;
				CLANG_WARN_QUOTED_INCLUDE_IN_FRAMEWORK_HEADER = YES;
				CLANG_WARN_RANGE_LOOP_ANALYSIS = YES;
				CLANG_WARN_STRICT_PROTOTYPES = YES;
				CLANG_WARN_SUSPICIOUS_MOVE = YES;
				CLANG_WARN_UNGUARDED_AVAILABILITY = YES_AGGRESSIVE;
				CLANG_WARN_UNREACHABLE_CODE = YES;
				CLANG_WARN__DUPLICATE_METHOD_MATCH = YES;
				COPY_PHASE_STRIP = NO;
				DEAD_CODE_STRIPPING = YES;
				DEBUG_INFORMATION_FORMAT = dwarf;
				ENABLE_STRICT_OBJC_MSGSEND = YES;
				ENABLE_TESTABILITY = YES;
				ENABLE_USER_SCRIPT_SANDBOXING = YES;
				GCC_C_LANGUAGE_STANDARD = gnu17;
				GCC_DYNAMIC_NO_PIC = NO;
				GCC_NO_COMMON_BLOCKS = YES;
				GCC_OPTIMIZATION_LEVEL = 0;
				GCC_PREPROCESSOR_DEFINITIONS = (
					"DEBUG=1",
					"$(inherited)",
				);
				GCC_WARN_64_TO_32_BIT_CONVERSION = YES;
				GCC_WARN_ABOUT_RETURN_TYPE = YES_ERROR;
				GCC_WARN_UNDECLARED_SELECTOR = YES;
				GCC_WARN_UNINITIALIZED_AUTOS = YES_AGGRESSIVE;
				GCC_WARN_UNUSED_FUNCTION = YES;
				GCC_WARN_UNUSED_VARIABLE = YES;
				LOCALIZATION_PREFERS_STRING_CATALOGS = YES;
				MTL_ENABLE_DEBUG_INFO = INCLUDE_SOURCE;
				MTL_FAST_MATH = YES;
				ONLY_ACTIVE_ARCH = YES;
				SWIFT_ACTIVE_COMPILATION_CONDITIONS = "DEBUG $(inherited)";
				SWIFT_OPTIMIZATION_LEVEL = "-Onone";
			};
			name = Debug;
		};
		1749363A2C3E1032001163B9 /* Release */ = {
			isa = XCBuildConfiguration;
			buildSettings = {
				ALWAYS_SEARCH_USER_PATHS = NO;
				ASSETCATALOG_COMPILER_GENERATE_SWIFT_ASSET_SYMBOL_EXTENSIONS = YES;
				CLANG_ANALYZER_NONNULL = YES;
				CLANG_ANALYZER_NUMBER_OBJECT_CONVERSION = YES_AGGRESSIVE;
				CLANG_CXX_LANGUAGE_STANDARD = "gnu++20";
				CLANG_ENABLE_MODULES = YES;
				CLANG_ENABLE_OBJC_ARC = YES;
				CLANG_ENABLE_OBJC_WEAK = YES;
				CLANG_WARN_BLOCK_CAPTURE_AUTORELEASING = YES;
				CLANG_WARN_BOOL_CONVERSION = YES;
				CLANG_WARN_COMMA = YES;
				CLANG_WARN_CONSTANT_CONVERSION = YES;
				CLANG_WARN_DEPRECATED_OBJC_IMPLEMENTATIONS = YES;
				CLANG_WARN_DIRECT_OBJC_ISA_USAGE = YES_ERROR;
				CLANG_WARN_DOCUMENTATION_COMMENTS = YES;
				CLANG_WARN_EMPTY_BODY = YES;
				CLANG_WARN_ENUM_CONVERSION = YES;
				CLANG_WARN_INFINITE_RECURSION = YES;
				CLANG_WARN_INT_CONVERSION = YES;
				CLANG_WARN_NON_LITERAL_NULL_CONVERSION = YES;
				CLANG_WARN_OBJC_IMPLICIT_RETAIN_SELF = YES;
				CLANG_WARN_OBJC_LITERAL_CONVERSION = YES;
				CLANG_WARN_OBJC_ROOT_CLASS = YES_ERROR;
				CLANG_WARN_QUOTED_INCLUDE_IN_FRAMEWORK_HEADER = YES;
				CLANG_WARN_RANGE_LOOP_ANALYSIS = YES;
				CLANG_WARN_STRICT_PROTOTYPES = YES;
				CLANG_WARN_SUSPICIOUS_MOVE = YES;
				CLANG_WARN_UNGUARDED_AVAILABILITY = YES_AGGRESSIVE;
				CLANG_WARN_UNREACHABLE_CODE = YES;
				CLANG_WARN__DUPLICATE_METHOD_MATCH = YES;
				COPY_PHASE_STRIP = NO;
				DEAD_CODE_STRIPPING = YES;
				DEBUG_INFORMATION_FORMAT = "dwarf-with-dsym";
				ENABLE_NS_ASSERTIONS = NO;
				ENABLE_STRICT_OBJC_MSGSEND = YES;
				ENABLE_USER_SCRIPT_SANDBOXING = YES;
				GCC_C_LANGUAGE_STANDARD = gnu17;
				GCC_NO_COMMON_BLOCKS = YES;
				GCC_WARN_64_TO_32_BIT_CONVERSION = YES;
				GCC_WARN_ABOUT_RETURN_TYPE = YES_ERROR;
				GCC_WARN_UNDECLARED_SELECTOR = YES;
				GCC_WARN_UNINITIALIZED_AUTOS = YES_AGGRESSIVE;
				GCC_WARN_UNUSED_FUNCTION = YES;
				GCC_WARN_UNUSED_VARIABLE = YES;
				LOCALIZATION_PREFERS_STRING_CATALOGS = YES;
				MTL_ENABLE_DEBUG_INFO = NO;
				MTL_FAST_MATH = YES;
				ONLY_ACTIVE_ARCH = NO;
				SWIFT_COMPILATION_MODE = wholemodule;
			};
			name = Release;
		};
		1749363C2C3E1032001163B9 /* Debug */ = {
			isa = XCBuildConfiguration;
			buildSettings = {
				ASSETCATALOG_COMPILER_APPICON_NAME = AppIcon;
				ASSETCATALOG_COMPILER_GLOBAL_ACCENT_COLOR_NAME = AccentColor;
				CODE_SIGN_ENTITLEMENTS = Tekk/Tekk.entitlements;
				CODE_SIGN_STYLE = Automatic;
				CURRENT_PROJECT_VERSION = 1;
				DEAD_CODE_STRIPPING = YES;
				DEVELOPMENT_ASSET_PATHS = "\"Tekk/Preview Content\"";
				DEVELOPMENT_TEAM = 9NT64FVZCY;
				ENABLE_PREVIEWS = YES;
				GENERATE_INFOPLIST_FILE = YES;
				INFOPLIST_FILE = Tekk/Info.plist;
				INFOPLIST_KEY_NSCameraUsageDescription = "Record soccer player and give feedback";
				"INFOPLIST_KEY_UIApplicationSceneManifest_Generation[sdk=iphoneos*]" = YES;
				"INFOPLIST_KEY_UIApplicationSceneManifest_Generation[sdk=iphonesimulator*]" = YES;
				"INFOPLIST_KEY_UIApplicationSupportsIndirectInputEvents[sdk=iphoneos*]" = YES;
				"INFOPLIST_KEY_UIApplicationSupportsIndirectInputEvents[sdk=iphonesimulator*]" = YES;
				"INFOPLIST_KEY_UILaunchScreen_Generation[sdk=iphoneos*]" = YES;
				"INFOPLIST_KEY_UILaunchScreen_Generation[sdk=iphonesimulator*]" = YES;
				"INFOPLIST_KEY_UIStatusBarStyle[sdk=iphoneos*]" = UIStatusBarStyleDefault;
				"INFOPLIST_KEY_UIStatusBarStyle[sdk=iphonesimulator*]" = UIStatusBarStyleDefault;
				INFOPLIST_KEY_UISupportedInterfaceOrientations_iPad = "UIInterfaceOrientationPortrait UIInterfaceOrientationPortraitUpsideDown UIInterfaceOrientationLandscapeLeft UIInterfaceOrientationLandscapeRight";
				INFOPLIST_KEY_UISupportedInterfaceOrientations_iPhone = "UIInterfaceOrientationPortrait UIInterfaceOrientationLandscapeLeft UIInterfaceOrientationLandscapeRight";
				IPHONEOS_DEPLOYMENT_TARGET = 17.5;
				LD_RUNPATH_SEARCH_PATHS = "@executable_path/Frameworks";
				"LD_RUNPATH_SEARCH_PATHS[sdk=macosx*]" = "@executable_path/../Frameworks";
				MACOSX_DEPLOYMENT_TARGET = 14.5;
				MARKETING_VERSION = 1.0;
				PRODUCT_BUNDLE_IDENTIFIER = ConklinOfficial.Tekk;
				PRODUCT_NAME = "$(TARGET_NAME)";
				SDKROOT = auto;
				SUPPORTED_PLATFORMS = "iphoneos iphonesimulator macosx";
				SWIFT_EMIT_LOC_STRINGS = YES;
				SWIFT_VERSION = 5.0;
				TARGETED_DEVICE_FAMILY = "1,2";
			};
			name = Debug;
		};
		1749363D2C3E1032001163B9 /* Release */ = {
			isa = XCBuildConfiguration;
			buildSettings = {
				ASSETCATALOG_COMPILER_APPICON_NAME = AppIcon;
				ASSETCATALOG_COMPILER_GLOBAL_ACCENT_COLOR_NAME = AccentColor;
				CODE_SIGN_ENTITLEMENTS = Tekk/Tekk.entitlements;
				CODE_SIGN_STYLE = Automatic;
				CURRENT_PROJECT_VERSION = 1;
				DEAD_CODE_STRIPPING = YES;
				DEVELOPMENT_ASSET_PATHS = "\"Tekk/Preview Content\"";
				DEVELOPMENT_TEAM = 9NT64FVZCY;
				ENABLE_PREVIEWS = YES;
				GENERATE_INFOPLIST_FILE = YES;
				INFOPLIST_FILE = Tekk/Info.plist;
				INFOPLIST_KEY_NSCameraUsageDescription = "Record soccer player and give feedback";
				"INFOPLIST_KEY_UIApplicationSceneManifest_Generation[sdk=iphoneos*]" = YES;
				"INFOPLIST_KEY_UIApplicationSceneManifest_Generation[sdk=iphonesimulator*]" = YES;
				"INFOPLIST_KEY_UIApplicationSupportsIndirectInputEvents[sdk=iphoneos*]" = YES;
				"INFOPLIST_KEY_UIApplicationSupportsIndirectInputEvents[sdk=iphonesimulator*]" = YES;
				"INFOPLIST_KEY_UILaunchScreen_Generation[sdk=iphoneos*]" = YES;
				"INFOPLIST_KEY_UILaunchScreen_Generation[sdk=iphonesimulator*]" = YES;
				"INFOPLIST_KEY_UIStatusBarStyle[sdk=iphoneos*]" = UIStatusBarStyleDefault;
				"INFOPLIST_KEY_UIStatusBarStyle[sdk=iphonesimulator*]" = UIStatusBarStyleDefault;
				INFOPLIST_KEY_UISupportedInterfaceOrientations_iPad = "UIInterfaceOrientationPortrait UIInterfaceOrientationPortraitUpsideDown UIInterfaceOrientationLandscapeLeft UIInterfaceOrientationLandscapeRight";
				INFOPLIST_KEY_UISupportedInterfaceOrientations_iPhone = "UIInterfaceOrientationPortrait UIInterfaceOrientationLandscapeLeft UIInterfaceOrientationLandscapeRight";
				IPHONEOS_DEPLOYMENT_TARGET = 17.5;
				LD_RUNPATH_SEARCH_PATHS = "@executable_path/Frameworks";
				"LD_RUNPATH_SEARCH_PATHS[sdk=macosx*]" = "@executable_path/../Frameworks";
				MACOSX_DEPLOYMENT_TARGET = 14.5;
				MARKETING_VERSION = 1.0;
				PRODUCT_BUNDLE_IDENTIFIER = ConklinOfficial.Tekk;
				PRODUCT_NAME = "$(TARGET_NAME)";
				SDKROOT = auto;
				SUPPORTED_PLATFORMS = "iphoneos iphonesimulator macosx";
				SWIFT_EMIT_LOC_STRINGS = YES;
				SWIFT_VERSION = 5.0;
				TARGETED_DEVICE_FAMILY = "1,2";
			};
			name = Release;
		};
		1749363F2C3E1032001163B9 /* Debug */ = {
			isa = XCBuildConfiguration;
			buildSettings = {
				BUNDLE_LOADER = "$(TEST_HOST)";
				CODE_SIGN_STYLE = Automatic;
				CURRENT_PROJECT_VERSION = 1;
				DEAD_CODE_STRIPPING = YES;
				GENERATE_INFOPLIST_FILE = YES;
				IPHONEOS_DEPLOYMENT_TARGET = 17.5;
				MACOSX_DEPLOYMENT_TARGET = 14.5;
				MARKETING_VERSION = 1.0;
				PRODUCT_BUNDLE_IDENTIFIER = ConklinOfficial.TekkTests;
				PRODUCT_NAME = "$(TARGET_NAME)";
				SDKROOT = auto;
				SUPPORTED_PLATFORMS = "iphoneos iphonesimulator macosx";
				SWIFT_EMIT_LOC_STRINGS = NO;
				SWIFT_VERSION = 5.0;
				TARGETED_DEVICE_FAMILY = "1,2";
				TEST_HOST = "$(BUILT_PRODUCTS_DIR)/BravoBall.app/$(BUNDLE_EXECUTABLE_FOLDER_PATH)/BravoBall";
			};
			name = Debug;
		};
		174936402C3E1032001163B9 /* Release */ = {
			isa = XCBuildConfiguration;
			buildSettings = {
				BUNDLE_LOADER = "$(TEST_HOST)";
				CODE_SIGN_STYLE = Automatic;
				CURRENT_PROJECT_VERSION = 1;
				DEAD_CODE_STRIPPING = YES;
				GENERATE_INFOPLIST_FILE = YES;
				IPHONEOS_DEPLOYMENT_TARGET = 17.5;
				MACOSX_DEPLOYMENT_TARGET = 14.5;
				MARKETING_VERSION = 1.0;
				PRODUCT_BUNDLE_IDENTIFIER = ConklinOfficial.TekkTests;
				PRODUCT_NAME = "$(TARGET_NAME)";
				SDKROOT = auto;
				SUPPORTED_PLATFORMS = "iphoneos iphonesimulator macosx";
				SWIFT_EMIT_LOC_STRINGS = NO;
				SWIFT_VERSION = 5.0;
				TARGETED_DEVICE_FAMILY = "1,2";
				TEST_HOST = "$(BUILT_PRODUCTS_DIR)/BravoBall.app/$(BUNDLE_EXECUTABLE_FOLDER_PATH)/BravoBall";
			};
			name = Release;
		};
		174936422C3E1032001163B9 /* Debug */ = {
			isa = XCBuildConfiguration;
			buildSettings = {
				CODE_SIGN_STYLE = Automatic;
				CURRENT_PROJECT_VERSION = 1;
				DEAD_CODE_STRIPPING = YES;
				GENERATE_INFOPLIST_FILE = YES;
				IPHONEOS_DEPLOYMENT_TARGET = 17.5;
				MACOSX_DEPLOYMENT_TARGET = 14.5;
				MARKETING_VERSION = 1.0;
				PRODUCT_BUNDLE_IDENTIFIER = ConklinOfficial.TekkUITests;
				PRODUCT_NAME = "$(TARGET_NAME)";
				SDKROOT = auto;
				SUPPORTED_PLATFORMS = "iphoneos iphonesimulator macosx";
				SWIFT_EMIT_LOC_STRINGS = NO;
				SWIFT_VERSION = 5.0;
				TARGETED_DEVICE_FAMILY = "1,2";
				TEST_TARGET_NAME = Tekk;
			};
			name = Debug;
		};
		174936432C3E1032001163B9 /* Release */ = {
			isa = XCBuildConfiguration;
			buildSettings = {
				CODE_SIGN_STYLE = Automatic;
				CURRENT_PROJECT_VERSION = 1;
				DEAD_CODE_STRIPPING = YES;
				GENERATE_INFOPLIST_FILE = YES;
				IPHONEOS_DEPLOYMENT_TARGET = 17.5;
				MACOSX_DEPLOYMENT_TARGET = 14.5;
				MARKETING_VERSION = 1.0;
				PRODUCT_BUNDLE_IDENTIFIER = ConklinOfficial.TekkUITests;
				PRODUCT_NAME = "$(TARGET_NAME)";
				SDKROOT = auto;
				SUPPORTED_PLATFORMS = "iphoneos iphonesimulator macosx";
				SWIFT_EMIT_LOC_STRINGS = NO;
				SWIFT_VERSION = 5.0;
				TARGETED_DEVICE_FAMILY = "1,2";
				TEST_TARGET_NAME = Tekk;
			};
			name = Release;
		};
/* End XCBuildConfiguration section */

/* Begin XCConfigurationList section */
		174936112C3E102B001163B9 /* Build configuration list for PBXProject "BravoBall" */ = {
			isa = XCConfigurationList;
			buildConfigurations = (
				174936392C3E1032001163B9 /* Debug */,
				1749363A2C3E1032001163B9 /* Release */,
			);
			defaultConfigurationIsVisible = 0;
			defaultConfigurationName = Release;
		};
		1749363B2C3E1032001163B9 /* Build configuration list for PBXNativeTarget "BravoBall" */ = {
			isa = XCConfigurationList;
			buildConfigurations = (
				1749363C2C3E1032001163B9 /* Debug */,
				1749363D2C3E1032001163B9 /* Release */,
			);
			defaultConfigurationIsVisible = 0;
			defaultConfigurationName = Release;
		};
		1749363E2C3E1032001163B9 /* Build configuration list for PBXNativeTarget "BravoBallTests" */ = {
			isa = XCConfigurationList;
			buildConfigurations = (
				1749363F2C3E1032001163B9 /* Debug */,
				174936402C3E1032001163B9 /* Release */,
			);
			defaultConfigurationIsVisible = 0;
			defaultConfigurationName = Release;
		};
		174936412C3E1032001163B9 /* Build configuration list for PBXNativeTarget "BravoBallUITests" */ = {
			isa = XCConfigurationList;
			buildConfigurations = (
				174936422C3E1032001163B9 /* Debug */,
				174936432C3E1032001163B9 /* Release */,
			);
			defaultConfigurationIsVisible = 0;
			defaultConfigurationName = Release;
		};
/* End XCConfigurationList section */

/* Begin XCRemoteSwiftPackageReference section */
		430FD6B82D2E12640016D520 /* XCRemoteSwiftPackageReference "rive-ios" */ = {
			isa = XCRemoteSwiftPackageReference;
			repositoryURL = "https://github.com/rive-app/rive-ios";
			requirement = {
				kind = upToNextMajorVersion;
				minimumVersion = 6.5.5;
			};
		};
		430FD6D12D307AEC0016D520 /* XCRemoteSwiftPackageReference "SwiftKeychainWrapper" */ = {
			isa = XCRemoteSwiftPackageReference;
			repositoryURL = "https://github.com/jrendel/SwiftKeychainWrapper";
			requirement = {
				kind = upToNextMajorVersion;
				minimumVersion = 4.0.1;
			};
		};
		435A70132CA7A33B00BFCC40 /* XCRemoteSwiftPackageReference "rive-ios" */ = {
			isa = XCRemoteSwiftPackageReference;
			repositoryURL = "https://github.com/rive-app/rive-ios";
			requirement = {
				kind = upToNextMajorVersion;
				minimumVersion = 6.1.3;
			};
		};
/* End XCRemoteSwiftPackageReference section */

/* Begin XCSwiftPackageProductDependency section */
		430FD6D22D307AEC0016D520 /* SwiftKeychainWrapper */ = {
			isa = XCSwiftPackageProductDependency;
			package = 430FD6D12D307AEC0016D520 /* XCRemoteSwiftPackageReference "SwiftKeychainWrapper" */;
			productName = SwiftKeychainWrapper;
		};
		435A70142CA7AB2600BFCC40 /* RiveRuntime */ = {
			isa = XCSwiftPackageProductDependency;
			package = 435A70132CA7A33B00BFCC40 /* XCRemoteSwiftPackageReference "rive-ios" */;
			productName = RiveRuntime;
		};
/* End XCSwiftPackageProductDependency section */
	};
	rootObject = 1749360E2C3E102B001163B9 /* Project object */;
}
